
Microsoft Visual Studio Solution File, Format Version 12.00
# Visual Studio 2013
VisualStudioVersion = 12.0.40629.0
MinimumVisualStudioVersion = 10.0.40219.1
Project("{FAE04EC0-301F-11D3-BF4B-00C04F79EFBC}") = "PizzaToppings", "PizzaToppings\PizzaToppings.csproj", "{DFDEFAFC-C834-4390-BC0A-91F6DBDED7F7}"
EndProject
Project("{FAE04EC0-301F-11D3-BF4B-00C04F79EFBC}") = "PizzaUnitTests", "PizzaUnitTests\PizzaUnitTests.csproj", "{3F1CE0EA-ABB4-49FF-A07C-4732B34B22F0}"
EndProject
Global
	GlobalSection(SolutionConfigurationPlatforms) = preSolution
		Debug|Any CPU = Debug|Any CPU
		Release|Any CPU = Release|Any CPU
	EndGlobalSection
	GlobalSection(ProjectConfigurationPlatforms) = postSolution
		{DFDEFAFC-C834-4390-BC0A-91F6DBDED7F7}.Debug|Any CPU.ActiveCfg = Debug|Any CPU
		{DFDEFAFC-C834-4390-BC0A-91F6DBDED7F7}.Debug|Any CPU.Build.0 = Debug|Any CPU
		{DFDEFAFC-C834-4390-BC0A-91F6DBDED7F7}.Release|Any CPU.ActiveCfg = Release|Any CPU
		{DFDEFAFC-C834-4390-BC0A-91F6DBDED7F7}.Release|Any CPU.Build.0 = Release|Any CPU
		{3F1CE0EA-ABB4-49FF-A07C-4732B34B22F0}.Debug|Any CPU.ActiveCfg = Debug|Any CPU
		{3F1CE0EA-ABB4-49FF-A07C-4732B34B22F0}.Debug|Any CPU.Build.0 = Debug|Any CPU
		{3F1CE0EA-ABB4-49FF-A07C-4732B34B22F0}.Release|Any CPU.ActiveCfg = Release|Any CPU
		{3F1CE0EA-ABB4-49FF-A07C-4732B34B22F0}.Release|Any CPU.Build.0 = Release|Any CPU
	EndGlobalSection
	GlobalSection(SolutionProperties) = preSolution
		HideSolutionNode = FALSE
	EndGlobalSection
EndGlobal
